
Microsoft Visual Studio Solution File, Format Version 12.00
# Visual Studio Version 17
VisualStudioVersion = 17.5.33424.131
MinimumVisualStudioVersion = 10.0.40219.1
Project("{FAE04EC0-301F-11D3-BF4B-00C04F79EFBC}") = "IntegraChatGPT-3_VS22", "IntegraChatGPT-3_VS22\IntegraChatGPT-3_VS22.csproj", "{3E712B72-56C6-4604-A59F-65A8CC602CD6}"
EndProject
Project("{FAE04EC0-301F-11D3-BF4B-00C04F79EFBC}") = "IntegraChatGPT3_Service", "IntegraChatGPT3\IntegraChatGPT3_Service.csproj", "{1864CCF8-1D6F-4D20-ADDB-777CBD567C54}"
EndProject
Project("{2150E333-8FDC-42A3-9474-1A3956D46DE8}") = "Servicos", "Servicos", "{6792F39E-CF9A-49FD-B37B-A37C0C7C0F33}"
EndProject
Project("{2150E333-8FDC-42A3-9474-1A3956D46DE8}") = "Site", "Site", "{BD764BFC-7998-47A9-8904-B315576B1FEC}"
EndProject
Global
	GlobalSection(SolutionConfigurationPlatforms) = preSolution
		Debug|Any CPU = Debug|Any CPU
		Release|Any CPU = Release|Any CPU
	EndGlobalSection
	GlobalSection(ProjectConfigurationPlatforms) = postSolution
		{3E712B72-56C6-4604-A59F-65A8CC602CD6}.Debug|Any CPU.ActiveCfg = Debug|Any CPU
		{3E712B72-56C6-4604-A59F-65A8CC602CD6}.Debug|Any CPU.Build.0 = Debug|Any CPU
		{3E712B72-56C6-4604-A59F-65A8CC602CD6}.Release|Any CPU.ActiveCfg = Release|Any CPU
		{3E712B72-56C6-4604-A59F-65A8CC602CD6}.Release|Any CPU.Build.0 = Release|Any CPU
		{1864CCF8-1D6F-4D20-ADDB-777CBD567C54}.Debug|Any CPU.ActiveCfg = Debug|Any CPU
		{1864CCF8-1D6F-4D20-ADDB-777CBD567C54}.Debug|Any CPU.Build.0 = Debug|Any CPU
		{1864CCF8-1D6F-4D20-ADDB-777CBD567C54}.Release|Any CPU.ActiveCfg = Release|Any CPU
		{1864CCF8-1D6F-4D20-ADDB-777CBD567C54}.Release|Any CPU.Build.0 = Release|Any CPU
	EndGlobalSection
	GlobalSection(SolutionProperties) = preSolution
		HideSolutionNode = FALSE
	EndGlobalSection
	GlobalSection(NestedProjects) = preSolution
		{3E712B72-56C6-4604-A59F-65A8CC602CD6} = {BD764BFC-7998-47A9-8904-B315576B1FEC}
		{1864CCF8-1D6F-4D20-ADDB-777CBD567C54} = {6792F39E-CF9A-49FD-B37B-A37C0C7C0F33}
	EndGlobalSection
	GlobalSection(ExtensibilityGlobals) = postSolution
		SolutionGuid = {FD96C8A0-A4BD-42EF-8EA5-54B86C649EBC}
	EndGlobalSection
EndGlobal
